
Microsoft Visual Studio Solution File, Format Version 12.00
# Visual Studio Version 16
VisualStudioVersion = 16.0.31911.196
MinimumVisualStudioVersion = 10.0.40219.1
Project("{FAE04EC0-301F-11D3-BF4B-00C04F79EFBC}") = "PPM_API", "PPM_API\PPM_API.csproj", "{834C1869-502E-4CD3-BA14-2E1D15927C14}"
EndProject
Global
	GlobalSection(SolutionConfigurationPlatforms) = preSolution
		Debug|Any CPU = Debug|Any CPU
		Release|Any CPU = Release|Any CPU
	EndGlobalSection
	GlobalSection(ProjectConfigurationPlatforms) = postSolution
		{834C1869-502E-4CD3-BA14-2E1D15927C14}.Debug|Any CPU.ActiveCfg = Debug|Any CPU
		{834C1869-502E-4CD3-BA14-2E1D15927C14}.Debug|Any CPU.Build.0 = Debug|Any CPU
		{834C1869-502E-4CD3-BA14-2E1D15927C14}.Release|Any CPU.ActiveCfg = Release|Any CPU
		{834C1869-502E-4CD3-BA14-2E1D15927C14}.Release|Any CPU.Build.0 = Release|Any CPU
	EndGlobalSection
	GlobalSection(SolutionProperties) = preSolution
		HideSolutionNode = FALSE
	EndGlobalSection
	GlobalSection(ExtensibilityGlobals) = postSolution
		SolutionGuid = {41DD7887-1F42-4025-B55C-6E0045DE4C33}
	EndGlobalSection
EndGlobal
